
Microsoft Visual Studio Solution File, Format Version 12.00
# Visual Studio Version 17
VisualStudioVersion = 17.11.35312.102
MinimumVisualStudioVersion = 10.0.40219.1
Project("{FAE04EC0-301F-11D3-BF4B-00C04F79EFBC}") = "SemanticKernelFromLocalToCloud", "SemanticKernelFromLocalToCloud.csproj", "{9ACC57CE-5A6F-41F3-83C9-5D5B6175B788}"
EndProject
Global
	GlobalSection(SolutionConfigurationPlatforms) = preSolution
		Debug|Any CPU = Debug|Any CPU
		Release|Any CPU = Release|Any CPU
	EndGlobalSection
	GlobalSection(ProjectConfigurationPlatforms) = postSolution
		{9ACC57CE-5A6F-41F3-83C9-5D5B6175B788}.Debug|Any CPU.ActiveCfg = Debug|Any CPU
		{9ACC57CE-5A6F-41F3-83C9-5D5B6175B788}.Debug|Any CPU.Build.0 = Debug|Any CPU
		{9ACC57CE-5A6F-41F3-83C9-5D5B6175B788}.Release|Any CPU.ActiveCfg = Release|Any CPU
		{9ACC57CE-5A6F-41F3-83C9-5D5B6175B788}.Release|Any CPU.Build.0 = Release|Any CPU
	EndGlobalSection
	GlobalSection(SolutionProperties) = preSolution
		HideSolutionNode = FALSE
	EndGlobalSection
	GlobalSection(ExtensibilityGlobals) = postSolution
		SolutionGuid = {8230585A-25D1-44F0-BF0A-079E3EDE29BA}
	EndGlobalSection
EndGlobal
